
Microsoft Visual Studio Solution File, Format Version 12.00
# Visual Studio Version 16
VisualStudioVersion = 16.0.32602.291
MinimumVisualStudioVersion = 10.0.40219.1
Project("{FAE04EC0-301F-11D3-BF4B-00C04F79EFBC}") = "TelerikMvcApp2", "TelerikMvcApp2\TelerikMvcApp2.csproj", "{5395D393-2B50-41E0-8F41-26E4030D4268}"
EndProject
Global
	GlobalSection(SolutionConfigurationPlatforms) = preSolution
		Debug|Any CPU = Debug|Any CPU
		Release|Any CPU = Release|Any CPU
	EndGlobalSection
	GlobalSection(ProjectConfigurationPlatforms) = postSolution
		{5395D393-2B50-41E0-8F41-26E4030D4268}.Debug|Any CPU.ActiveCfg = Debug|Any CPU
		{5395D393-2B50-41E0-8F41-26E4030D4268}.Debug|Any CPU.Build.0 = Debug|Any CPU
		{5395D393-2B50-41E0-8F41-26E4030D4268}.Release|Any CPU.ActiveCfg = Release|Any CPU
		{5395D393-2B50-41E0-8F41-26E4030D4268}.Release|Any CPU.Build.0 = Release|Any CPU
	EndGlobalSection
	GlobalSection(SolutionProperties) = preSolution
		HideSolutionNode = FALSE
	EndGlobalSection
	GlobalSection(ExtensibilityGlobals) = postSolution
		SolutionGuid = {4B946015-D29E-492B-8BDE-39D9859FDE9C}
	EndGlobalSection
EndGlobal
